
Microsoft Visual Studio Solution File, Format Version 12.00
# Visual Studio Version 16
VisualStudioVersion = 16.0.29911.84
MinimumVisualStudioVersion = 10.0.40219.1
Project("{FAE04EC0-301F-11D3-BF4B-00C04F79EFBC}") = "PremierAppNetCore", "PremierAppNetCore\PremierAppNetCore.csproj", "{D5EBCC65-32BA-458B-B0A4-3658BFBC914A}"
EndProject
Global
	GlobalSection(SolutionConfigurationPlatforms) = preSolution
		Debug|Any CPU = Debug|Any CPU
		Release|Any CPU = Release|Any CPU
	EndGlobalSection
	GlobalSection(ProjectConfigurationPlatforms) = postSolution
		{D5EBCC65-32BA-458B-B0A4-3658BFBC914A}.Debug|Any CPU.ActiveCfg = Debug|Any CPU
		{D5EBCC65-32BA-458B-B0A4-3658BFBC914A}.Debug|Any CPU.Build.0 = Debug|Any CPU
		{D5EBCC65-32BA-458B-B0A4-3658BFBC914A}.Release|Any CPU.ActiveCfg = Release|Any CPU
		{D5EBCC65-32BA-458B-B0A4-3658BFBC914A}.Release|Any CPU.Build.0 = Release|Any CPU
	EndGlobalSection
	GlobalSection(SolutionProperties) = preSolution
		HideSolutionNode = FALSE
	EndGlobalSection
	GlobalSection(ExtensibilityGlobals) = postSolution
		SolutionGuid = {6F4210BE-3D6D-4F85-88B6-7AC321EDC84E}
	EndGlobalSection
EndGlobal
